Microsoft Visual Studio Solution File, Format Version 12.00
# Visual Studio Version 17
VisualStudioVersion = 17.0.31903.59
MinimumVisualStudioVersion = 10.0.40219.1
Project("{FAE04EC0-301F-11D3-BF4B-00C04F79EFBC}") = "ExamScheduleService.Domain", "ExamScheduleService.Domain\ExamScheduleService.Domain.csproj", "{2F8C6D6A-1C59-4F21-9CF1-45173A6B4EC1}"
EndProject
Project("{FAE04EC0-301F-11D3-BF4B-00C04F79EFBC}") = "ExamScheduleService.Application", "ExamScheduleService.Application\ExamScheduleService.Application.csproj", "{D9E4C80F-BDC4-4D79-9066-1B4DA8909120}"
EndProject
Project("{FAE04EC0-301F-11D3-BF4B-00C04F79EFBC}") = "ExamScheduleService.Infrastructure", "ExamScheduleService.Infrastructure\ExamScheduleService.Infrastructure.csproj", "{47F49D79-46E0-4142-BCC2-F5528918E836}"
EndProject
Project("{FAE04EC0-301F-11D3-BF4B-00C04F79EFBC}") = "ExamScheduleService.API", "ExamScheduleService.API\ExamScheduleService.API.csproj", "{9AD3E92B-57CE-4E31-B1BC-80C13C44D161}"
EndProject
Project("{FAE04EC0-301F-11D3-BF4B-00C04F79EFBC}") = "ExamScheduleService.Tests", "ExamScheduleService.Tests\ExamScheduleService.Tests.csproj", "{A885F74A-6807-4D11-B9F8-1817926A3D04}"
EndProject
Global
	GlobalSection(SolutionConfigurationPlatforms) = preSolution
		Debug|Any CPU = Debug|Any CPU
		Release|Any CPU = Release|Any CPU
	EndGlobalSection
	GlobalSection(ProjectConfigurationPlatforms) = postSolution
		{2F8C6D6A-1C59-4F21-9CF1-45173A6B4EC1}.Debug|Any CPU.ActiveCfg = Debug|Any CPU
		{2F8C6D6A-1C59-4F21-9CF1-45173A6B4EC1}.Debug|Any CPU.Build.0 = Debug|Any CPU
		{2F8C6D6A-1C59-4F21-9CF1-45173A6B4EC1}.Release|Any CPU.ActiveCfg = Release|Any CPU
		{2F8C6D6A-1C59-4F21-9CF1-45173A6B4EC1}.Release|Any CPU.Build.0 = Release|Any CPU
		{D9E4C80F-BDC4-4D79-9066-1B4DA8909120}.Debug|Any CPU.ActiveCfg = Debug|Any CPU
		{D9E4C80F-BDC4-4D79-9066-1B4DA8909120}.Debug|Any CPU.Build.0 = Debug|Any CPU
		{D9E4C80F-BDC4-4D79-9066-1B4DA8909120}.Release|Any CPU.ActiveCfg = Release|Any CPU
		{D9E4C80F-BDC4-4D79-9066-1B4DA8909120}.Release|Any CPU.Build.0 = Release|Any CPU
		{47F49D79-46E0-4142-BCC2-F5528918E836}.Debug|Any CPU.ActiveCfg = Debug|Any CPU
		{47F49D79-46E0-4142-BCC2-F5528918E836}.Debug|Any CPU.Build.0 = Debug|Any CPU
		{47F49D79-46E0-4142-BCC2-F5528918E836}.Release|Any CPU.ActiveCfg = Release|Any CPU
		{47F49D79-46E0-4142-BCC2-F5528918E836}.Release|Any CPU.Build.0 = Release|Any CPU
		{9AD3E92B-57CE-4E31-B1BC-80C13C44D161}.Debug|Any CPU.ActiveCfg = Debug|Any CPU
		{9AD3E92B-57CE-4E31-B1BC-80C13C44D161}.Debug|Any CPU.Build.0 = Debug|Any CPU
		{9AD3E92B-57CE-4E31-B1BC-80C13C44D161}.Release|Any CPU.ActiveCfg = Release|Any CPU
		{9AD3E92B-57CE-4E31-B1BC-80C13C44D161}.Release|Any CPU.Build.0 = Release|Any CPU
		{A885F74A-6807-4D11-B9F8-1817926A3D04}.Debug|Any CPU.ActiveCfg = Debug|Any CPU
		{A885F74A-6807-4D11-B9F8-1817926A3D04}.Debug|Any CPU.Build.0 = Debug|Any CPU
		{A885F74A-6807-4D11-B9F8-1817926A3D04}.Release|Any CPU.ActiveCfg = Release|Any CPU
		{A885F74A-6807-4D11-B9F8-1817926A3D04}.Release|Any CPU.Build.0 = Release|Any CPU
	EndGlobalSection
	GlobalSection(SolutionProperties) = preSolution
		HideSolutionNode = FALSE
	EndGlobalSection
EndGlobal
